
Microsoft Visual Studio Solution File, Format Version 12.00
# Visual Studio Version 16
VisualStudioVersion = 16.0.32228.343
MinimumVisualStudioVersion = 10.0.40219.1
Project("{9A19103F-16F7-4668-BE54-9A1E7A4F7556}") = "DataAccessLayer", "DataAccessLayer\DataAccessLayer.csproj", "{35FCAA00-794D-41B2-A2F6-965D2C066174}"
EndProject
Project("{9A19103F-16F7-4668-BE54-9A1E7A4F7556}") = "LogicLayer", "LogicLayer\LogicLayer.csproj", "{0B79BDB0-1397-4B1B-BDA0-5D44108CEC40}"
EndProject
Project("{FAE04EC0-301F-11D3-BF4B-00C04F79EFBC}") = "PresentationLayer", "PresentationLayer\PresentationLayer.csproj", "{1AC6E62D-5F1C-4FCE-817B-FB62D9AABE3B}"
EndProject
Global
	GlobalSection(SolutionConfigurationPlatforms) = preSolution
		Debug|Any CPU = Debug|Any CPU
		Release|Any CPU = Release|Any CPU
	EndGlobalSection
	GlobalSection(ProjectConfigurationPlatforms) = postSolution
		{35FCAA00-794D-41B2-A2F6-965D2C066174}.Debug|Any CPU.ActiveCfg = Debug|Any CPU
		{35FCAA00-794D-41B2-A2F6-965D2C066174}.Debug|Any CPU.Build.0 = Debug|Any CPU
		{35FCAA00-794D-41B2-A2F6-965D2C066174}.Release|Any CPU.ActiveCfg = Release|Any CPU
		{35FCAA00-794D-41B2-A2F6-965D2C066174}.Release|Any CPU.Build.0 = Release|Any CPU
		{0B79BDB0-1397-4B1B-BDA0-5D44108CEC40}.Debug|Any CPU.ActiveCfg = Debug|Any CPU
		{0B79BDB0-1397-4B1B-BDA0-5D44108CEC40}.Debug|Any CPU.Build.0 = Debug|Any CPU
		{0B79BDB0-1397-4B1B-BDA0-5D44108CEC40}.Release|Any CPU.ActiveCfg = Release|Any CPU
		{0B79BDB0-1397-4B1B-BDA0-5D44108CEC40}.Release|Any CPU.Build.0 = Release|Any CPU
		{1AC6E62D-5F1C-4FCE-817B-FB62D9AABE3B}.Debug|Any CPU.ActiveCfg = Debug|Any CPU
		{1AC6E62D-5F1C-4FCE-817B-FB62D9AABE3B}.Debug|Any CPU.Build.0 = Debug|Any CPU
		{1AC6E62D-5F1C-4FCE-817B-FB62D9AABE3B}.Release|Any CPU.ActiveCfg = Release|Any CPU
		{1AC6E62D-5F1C-4FCE-817B-FB62D9AABE3B}.Release|Any CPU.Build.0 = Release|Any CPU
	EndGlobalSection
	GlobalSection(SolutionProperties) = preSolution
		HideSolutionNode = FALSE
	EndGlobalSection
	GlobalSection(ExtensibilityGlobals) = postSolution
		SolutionGuid = {6E7E70AC-7570-417B-9998-3D4D2C40029D}
	EndGlobalSection
EndGlobal
